
Microsoft Visual Studio Solution File, Format Version 12.00
# Visual Studio 15
VisualStudioVersion = 15.0.28307.421
MinimumVisualStudioVersion = 10.0.40219.1
Project("{8BC9CEB8-8B4A-11D0-8D11-00A0C91BC942}") = "CUDA", "CUDA.vcxproj", "{9C5A9CF7-99E3-4176-98A3-9D2112767E2C}"
EndProject
Global
	GlobalSection(SolutionConfigurationPlatforms) = preSolution
		Debug|x64 = Debug|x64
		Release|x64 = Release|x64
	EndGlobalSection
	GlobalSection(ProjectConfigurationPlatforms) = postSolution
		{9C5A9CF7-99E3-4176-98A3-9D2112767E2C}.Debug|x64.ActiveCfg = Debug|x64
		{9C5A9CF7-99E3-4176-98A3-9D2112767E2C}.Debug|x64.Build.0 = Debug|x64
		{9C5A9CF7-99E3-4176-98A3-9D2112767E2C}.Release|x64.ActiveCfg = Release|x64
		{9C5A9CF7-99E3-4176-98A3-9D2112767E2C}.Release|x64.Build.0 = Release|x64
	EndGlobalSection
	GlobalSection(SolutionProperties) = preSolution
		HideSolutionNode = FALSE
	EndGlobalSection
	GlobalSection(ExtensibilityGlobals) = postSolution
		SolutionGuid = {ED581502-5318-4FA8-99ED-68AC88E4D87D}
	EndGlobalSection
EndGlobal
